
Microsoft Visual Studio Solution File, Format Version 12.00
# Visual Studio Version 17
VisualStudioVersion = 17.9.34728.123
MinimumVisualStudioVersion = 10.0.40219.1
Project("{FAE04EC0-301F-11D3-BF4B-00C04F79EFBC}") = "QuanLyVanBangTotNghiep_BTL", "QuanLyVanBangTotNghiep_BTL.csproj", "{CD9A9C41-3FC5-428B-A961-1BCE484683D7}"
EndProject
Global
	GlobalSection(SolutionConfigurationPlatforms) = preSolution
		Debug|Any CPU = Debug|Any CPU
		Release|Any CPU = Release|Any CPU
	EndGlobalSection
	GlobalSection(ProjectConfigurationPlatforms) = postSolution
		{CD9A9C41-3FC5-428B-A961-1BCE484683D7}.Debug|Any CPU.ActiveCfg = Debug|Any CPU
		{CD9A9C41-3FC5-428B-A961-1BCE484683D7}.Debug|Any CPU.Build.0 = Debug|Any CPU
		{CD9A9C41-3FC5-428B-A961-1BCE484683D7}.Release|Any CPU.ActiveCfg = Release|Any CPU
		{CD9A9C41-3FC5-428B-A961-1BCE484683D7}.Release|Any CPU.Build.0 = Release|Any CPU
	EndGlobalSection
	GlobalSection(SolutionProperties) = preSolution
		HideSolutionNode = FALSE
	EndGlobalSection
	GlobalSection(ExtensibilityGlobals) = postSolution
		SolutionGuid = {7039B904-835F-44B1-8D91-4E2DB34B84E4}
	EndGlobalSection
EndGlobal
